
Microsoft Visual Studio Solution File, Format Version 12.00
# Visual Studio 2012
Project("{FAE04EC0-301F-11D3-BF4B-00C04F79EFBC}") = "DextProject", "DextProject\DextProject.csproj", "{9C00431B-8449-4C90-8411-38D599EC3992}"
EndProject
Project("{2150E333-8FDC-42A3-9474-1A3956D46DE8}") = ".nuget", ".nuget", "{B698BED8-54A2-4BC9-A52C-EF83A2D3D3CD}"
EndProject
Global
	GlobalSection(SolutionConfigurationPlatforms) = preSolution
		Debug|Any CPU = Debug|Any CPU
		Release|Any CPU = Release|Any CPU
	EndGlobalSection
	GlobalSection(ProjectConfigurationPlatforms) = postSolution
		{9C00431B-8449-4C90-8411-38D599EC3992}.Debug|Any CPU.ActiveCfg = Debug|Any CPU
		{9C00431B-8449-4C90-8411-38D599EC3992}.Debug|Any CPU.Build.0 = Debug|Any CPU
		{9C00431B-8449-4C90-8411-38D599EC3992}.Release|Any CPU.ActiveCfg = Release|Any CPU
		{9C00431B-8449-4C90-8411-38D599EC3992}.Release|Any CPU.Build.0 = Release|Any CPU
	EndGlobalSection
	GlobalSection(SolutionProperties) = preSolution
		HideSolutionNode = FALSE
	EndGlobalSection
EndGlobal
